
Microsoft Visual Studio Solution File, Format Version 12.00
# Visual Studio 15
Project("{FAE04EC0-301F-11D3-BF4B-00C04F79EFBC}") = "Assembly-CSharp", "Assembly-CSharp.csproj", "{A7743F8B-35AA-C094-EFA8-52506ADBE8D7}"
EndProject
Project("{FAE04EC0-301F-11D3-BF4B-00C04F79EFBC}") = "Assembly-CSharp-Editor", "Assembly-CSharp-Editor.csproj", "{DDB2CFCC-62EF-576E-F7AD-295A01A1DC3A}"
EndProject
Global
	GlobalSection(SolutionConfigurationPlatforms) = preSolution
		Debug|Any CPU = Debug|Any CPU
		Release|Any CPU = Release|Any CPU
	EndGlobalSection
	GlobalSection(ProjectConfigurationPlatforms) = postSolution
		{A7743F8B-35AA-C094-EFA8-52506ADBE8D7}.Debug|Any CPU.ActiveCfg = Debug|Any CPU
		{A7743F8B-35AA-C094-EFA8-52506ADBE8D7}.Debug|Any CPU.Build.0 = Debug|Any CPU
		{A7743F8B-35AA-C094-EFA8-52506ADBE8D7}.Release|Any CPU.ActiveCfg = Release|Any CPU
		{A7743F8B-35AA-C094-EFA8-52506ADBE8D7}.Release|Any CPU.Build.0 = Release|Any CPU
		{DDB2CFCC-62EF-576E-F7AD-295A01A1DC3A}.Debug|Any CPU.ActiveCfg = Debug|Any CPU
		{DDB2CFCC-62EF-576E-F7AD-295A01A1DC3A}.Debug|Any CPU.Build.0 = Debug|Any CPU
		{DDB2CFCC-62EF-576E-F7AD-295A01A1DC3A}.Release|Any CPU.ActiveCfg = Release|Any CPU
		{DDB2CFCC-62EF-576E-F7AD-295A01A1DC3A}.Release|Any CPU.Build.0 = Release|Any CPU
	EndGlobalSection
	GlobalSection(SolutionProperties) = preSolution
		HideSolutionNode = FALSE
	EndGlobalSection
EndGlobal
